// !$*UTF8*$!
{
	archiveVersion = 1;
	classes = {
	};
	objectVersion = 77;
	objects = {

/* Begin PBXBuildFile section */
		B4CC5A8B2EB5071E001AD03B /* BestAsyncImageView.swift in Sources */ = {isa = PBXBuildFile; fileRef = B4CC5A5D2EB505CA001AD03B /* BestAsyncImageView.swift */; };
		B4CC5A8C2EB50725001AD03B /* BestError.swift in Sources */ = {isa = PBXBuildFile; fileRef = B4CC5A5E2EB505CA001AD03B /* BestError.swift */; };
		B4CC5A8D2EB5072B001AD03B /* ImageCacheManager.swift in Sources */ = {isa = PBXBuildFile; fileRef = B4CC5A5F2EB505CA001AD03B /* ImageCacheManager.swift */; };
		B4CC5A8F2EB5079C001AD03B /* BestImageCacheHelper.swift in Sources */ = {isa = PBXBuildFile; fileRef = B4CC5A8E2EB50798001AD03B /* BestImageCacheHelper.swift */; };
		B4F4ADA42EB3F1C90038AF10 /* ImageDownloaderFramework.framework in Frameworks */ = {isa = PBXBuildFile; fileRef = B4F4AD9A2EB3F1C90038AF10 /* ImageDownloaderFramework.framework */; };
		B4F7FFF52EB6046A00F7C6D7 /* Assets.xcassets in Resources */ = {isa = PBXBuildFile; fileRef = B4F7FFF02EB6046A00F7C6D7 /* Assets.xcassets */; };
		B4F7FFF62EB6046A00F7C6D7 /* ImageCacheManagerTests.swift in Sources */ = {isa = PBXBuildFile; fileRef = B4F7FFF22EB6046A00F7C6D7 /* ImageCacheManagerTests.swift */; };
		B4F7FFF72EB6046A00F7C6D7 /* BestAsyncImageViewTests.swift in Sources */ = {isa = PBXBuildFile; fileRef = B4F7FFF12EB6046A00F7C6D7 /* BestAsyncImageViewTests.swift */; };
/* End PBXBuildFile section */

/* Begin PBXContainerItemProxy section */
		B4F4ADA52EB3F1C90038AF10 /* PBXContainerItemProxy */ = {
			isa = PBXContainerItemProxy;
			containerPortal = B4F4AD912EB3F1C90038AF10 /* Project object */;
			proxyType = 1;
			remoteGlobalIDString = B4F4AD992EB3F1C90038AF10;
			remoteInfo = ImageDownloaderFramework;
		};
/* End PBXContainerItemProxy section */

/* Begin PBXFileReference section */
		B4CC5A5D2EB505CA001AD03B /* BestAsyncImageView.swift */ = {isa = PBXFileReference; lastKnownFileType = sourcecode.swift; path = BestAsyncImageView.swift; sourceTree = "<group>"; };
		B4CC5A5E2EB505CA001AD03B /* BestError.swift */ = {isa = PBXFileReference; lastKnownFileType = sourcecode.swift; path = BestError.swift; sourceTree = "<group>"; };
		B4CC5A5F2EB505CA001AD03B /* ImageCacheManager.swift */ = {isa = PBXFileReference; lastKnownFileType = sourcecode.swift; path = ImageCacheManager.swift; sourceTree = "<group>"; };
		B4CC5A872EB506AF001AD03B /* XCTest.framework */ = {isa = PBXFileReference; lastKnownFileType = wrapper.framework; name = XCTest.framework; path = Platforms/iPhoneOS.platform/Developer/Library/Frameworks/XCTest.framework; sourceTree = DEVELOPER_DIR; };
		B4CC5A8E2EB50798001AD03B /* BestImageCacheHelper.swift */ = {isa = PBXFileReference; lastKnownFileType = sourcecode.swift; path = BestImageCacheHelper.swift; sourceTree = "<group>"; };
		B4F4AD9A2EB3F1C90038AF10 /* ImageDownloaderFramework.framework */ = {isa = PBXFileReference; explicitFileType = wrapper.framework; includeInIndex = 0; path = ImageDownloaderFramework.framework; sourceTree = BUILT_PRODUCTS_DIR; };
		B4F4ADA32EB3F1C90038AF10 /* ImageDownloaderFrameworkTests.xctest */ = {isa = PBXFileReference; explicitFileType = wrapper.cfbundle; includeInIndex = 0; path = ImageDownloaderFrameworkTests.xctest; sourceTree = BUILT_PRODUCTS_DIR; };
		B4F7FFF02EB6046A00F7C6D7 /* Assets.xcassets */ = {isa = PBXFileReference; lastKnownFileType = folder.assetcatalog; path = Assets.xcassets; sourceTree = "<group>"; };
		B4F7FFF12EB6046A00F7C6D7 /* BestAsyncImageViewTests.swift */ = {isa = PBXFileReference; lastKnownFileType = sourcecode.swift; path = BestAsyncImageViewTests.swift; sourceTree = "<group>"; };
		B4F7FFF22EB6046A00F7C6D7 /* ImageCacheManagerTests.swift */ = {isa = PBXFileReference; lastKnownFileType = sourcecode.swift; path = ImageCacheManagerTests.swift; sourceTree = "<group>"; };
/* End PBXFileReference section */

/* Begin PBXFrameworksBuildPhase section */
		B4F4AD972EB3F1C90038AF10 /* Frameworks */ = {
			isa = PBXFrameworksBuildPhase;
			buildActionMask = 2147483647;
			files = (
			);
			runOnlyForDeploymentPostprocessing = 0;
		};
		B4F4ADA02EB3F1C90038AF10 /* Frameworks */ = {
			isa = PBXFrameworksBuildPhase;
			buildActionMask = 2147483647;
			files = (
				B4F4ADA42EB3F1C90038AF10 /* ImageDownloaderFramework.framework in Frameworks */,
			);
			runOnlyForDeploymentPostprocessing = 0;
		};
/* End PBXFrameworksBuildPhase section */

/* Begin PBXGroup section */
		B4CC5A602EB505CA001AD03B /* ImageDownloaderFramework */ = {
			isa = PBXGroup;
			children = (
				B4CC5A8E2EB50798001AD03B /* BestImageCacheHelper.swift */,
				B4CC5A5D2EB505CA001AD03B /* BestAsyncImageView.swift */,
				B4CC5A5E2EB505CA001AD03B /* BestError.swift */,
				B4CC5A5F2EB505CA001AD03B /* ImageCacheManager.swift */,
			);
			path = ImageDownloaderFramework;
			sourceTree = "<group>";
		};
		B4CC5A612EB505CA001AD03B /* Sources */ = {
			isa = PBXGroup;
			children = (
				B4CC5A602EB505CA001AD03B /* ImageDownloaderFramework */,
			);
			path = Sources;
			sourceTree = "<group>";
		};
		B4CC5A862EB506AF001AD03B /* Frameworks */ = {
			isa = PBXGroup;
			children = (
				B4CC5A872EB506AF001AD03B /* XCTest.framework */,
			);
			name = Frameworks;
			sourceTree = "<group>";
		};
		B4F4AD902EB3F1C90038AF10 = {
			isa = PBXGroup;
			children = (
				B4F7FFF42EB6046A00F7C6D7 /* Tests */,
				B4F4AD9B2EB3F1C90038AF10 /* Products */,
				B4CC5A612EB505CA001AD03B /* Sources */,
				B4CC5A862EB506AF001AD03B /* Frameworks */,
			);
			sourceTree = "<group>";
		};
		B4F4AD9B2EB3F1C90038AF10 /* Products */ = {
			isa = PBXGroup;
			children = (
				B4F4AD9A2EB3F1C90038AF10 /* ImageDownloaderFramework.framework */,
				B4F4ADA32EB3F1C90038AF10 /* ImageDownloaderFrameworkTests.xctest */,
			);
			name = Products;
			sourceTree = "<group>";
		};
		B4F7FFF32EB6046A00F7C6D7 /* ImageDownloaderFrameworkTests */ = {
			isa = PBXGroup;
			children = (
				B4F7FFF02EB6046A00F7C6D7 /* Assets.xcassets */,
				B4F7FFF12EB6046A00F7C6D7 /* BestAsyncImageViewTests.swift */,
				B4F7FFF22EB6046A00F7C6D7 /* ImageCacheManagerTests.swift */,
			);
			path = ImageDownloaderFrameworkTests;
			sourceTree = "<group>";
		};
		B4F7FFF42EB6046A00F7C6D7 /* Tests */ = {
			isa = PBXGroup;
			children = (
				B4F7FFF32EB6046A00F7C6D7 /* ImageDownloaderFrameworkTests */,
			);
			path = Tests;
			sourceTree = "<group>";
		};
/* End PBXGroup section */

/* Begin PBXHeadersBuildPhase section */
		B4F4AD952EB3F1C90038AF10 /* Headers */ = {
			isa = PBXHeadersBuildPhase;
			buildActionMask = 2147483647;
			files = (
			);
			runOnlyForDeploymentPostprocessing = 0;
		};
/* End PBXHeadersBuildPhase section */

/* Begin PBXNativeTarget section */
		B4F4AD992EB3F1C90038AF10 /* ImageDownloaderFramework */ = {
			isa = PBXNativeTarget;
			buildConfigurationList = B4F4ADAC2EB3F1C90038AF10 /* Build configuration list for PBXNativeTarget "ImageDownloaderFramework" */;
			buildPhases = (
				B4F4AD952EB3F1C90038AF10 /* Headers */,
				B4F4AD962EB3F1C90038AF10 /* Sources */,
				B4F4AD972EB3F1C90038AF10 /* Frameworks */,
				B4F4AD982EB3F1C90038AF10 /* Resources */,
			);
			buildRules = (
			);
			dependencies = (
			);
			name = ImageDownloaderFramework;
			packageProductDependencies = (
			);
			productName = ImageDownloaderFramework;
			productReference = B4F4AD9A2EB3F1C90038AF10 /* ImageDownloaderFramework.framework */;
			productType = "com.apple.product-type.framework";
		};
		B4F4ADA22EB3F1C90038AF10 /* ImageDownloaderFrameworkTests */ = {
			isa = PBXNativeTarget;
			buildConfigurationList = B4F4ADAF2EB3F1C90038AF10 /* Build configuration list for PBXNativeTarget "ImageDownloaderFrameworkTests" */;
			buildPhases = (
				B4F4AD9F2EB3F1C90038AF10 /* Sources */,
				B4F4ADA02EB3F1C90038AF10 /* Frameworks */,
				B4F4ADA12EB3F1C90038AF10 /* Resources */,
			);
			buildRules = (
			);
			dependencies = (
				B4F4ADA62EB3F1C90038AF10 /* PBXTargetDependency */,
			);
			name = ImageDownloaderFrameworkTests;
			packageProductDependencies = (
			);
			productName = ImageDownloaderFrameworkTests;
			productReference = B4F4ADA32EB3F1C90038AF10 /* ImageDownloaderFrameworkTests.xctest */;
			productType = "com.apple.product-type.bundle.unit-test";
		};
/* End PBXNativeTarget section */

/* Begin PBXProject section */
		B4F4AD912EB3F1C90038AF10 /* Project object */ = {
			isa = PBXProject;
			attributes = {
				BuildIndependentTargetsInParallel = 1;
				LastSwiftUpdateCheck = 2600;
				LastUpgradeCheck = 2600;
				TargetAttributes = {
					B4F4AD992EB3F1C90038AF10 = {
						CreatedOnToolsVersion = 26.0;
					};
					B4F4ADA22EB3F1C90038AF10 = {
						CreatedOnToolsVersion = 26.0;
					};
				};
			};
			buildConfigurationList = B4F4AD942EB3F1C90038AF10 /* Build configuration list for PBXProject "ImageDownloaderFramework" */;
			developmentRegion = en;
			hasScannedForEncodings = 0;
			knownRegions = (
				en,
				Base,
			);
			mainGroup = B4F4AD902EB3F1C90038AF10;
			minimizedProjectReferenceProxies = 1;
			preferredProjectObjectVersion = 77;
			productRefGroup = B4F4AD9B2EB3F1C90038AF10 /* Products */;
			projectDirPath = "";
			projectRoot = "";
			targets = (
				B4F4AD992EB3F1C90038AF10 /* ImageDownloaderFramework */,
				B4F4ADA22EB3F1C90038AF10 /* ImageDownloaderFrameworkTests */,
			);
		};
/* End PBXProject section */

/* Begin PBXResourcesBuildPhase section */
		B4F4AD982EB3F1C90038AF10 /* Resources */ = {
			isa = PBXResourcesBuildPhase;
			buildActionMask = 2147483647;
			files = (
			);
			runOnlyForDeploymentPostprocessing = 0;
		};
		B4F4ADA12EB3F1C90038AF10 /* Resources */ = {
			isa = PBXResourcesBuildPhase;
			buildActionMask = 2147483647;
			files = (
				B4F7FFF52EB6046A00F7C6D7 /* Assets.xcassets in Resources */,
			);
			runOnlyForDeploymentPostprocessing = 0;
		};
/* End PBXResourcesBuildPhase section */

/* Begin PBXSourcesBuildPhase section */
		B4F4AD962EB3F1C90038AF10 /* Sources */ = {
			isa = PBXSourcesBuildPhase;
			buildActionMask = 2147483647;
			files = (
				B4CC5A8C2EB50725001AD03B /* BestError.swift in Sources */,
				B4CC5A8B2EB5071E001AD03B /* BestAsyncImageView.swift in Sources */,
				B4CC5A8F2EB5079C001AD03B /* BestImageCacheHelper.swift in Sources */,
				B4CC5A8D2EB5072B001AD03B /* ImageCacheManager.swift in Sources */,
			);
			runOnlyForDeploymentPostprocessing = 0;
		};
		B4F4AD9F2EB3F1C90038AF10 /* Sources */ = {
			isa = PBXSourcesBuildPhase;
			buildActionMask = 2147483647;
			files = (
				B4F7FFF62EB6046A00F7C6D7 /* ImageCacheManagerTests.swift in Sources */,
				B4F7FFF72EB6046A00F7C6D7 /* BestAsyncImageViewTests.swift in Sources */,
			);
			runOnlyForDeploymentPostprocessing = 0;
		};
/* End PBXSourcesBuildPhase section */

/* Begin PBXTargetDependency section */
		B4F4ADA62EB3F1C90038AF10 /* PBXTargetDependency */ = {
			isa = PBXTargetDependency;
			target = B4F4AD992EB3F1C90038AF10 /* ImageDownloaderFramework */;
			targetProxy = B4F4ADA52EB3F1C90038AF10 /* PBXContainerItemProxy */;
		};
/* End PBXTargetDependency section */

/* Begin XCBuildConfiguration section */
		B4F4ADAA2EB3F1C90038AF10 /* Debug */ = {
			isa = XCBuildConfiguration;
			buildSettings = {
				ALWAYS_SEARCH_USER_PATHS = NO;
				ASSETCATALOG_COMPILER_GENERATE_SWIFT_ASSET_SYMBOL_EXTENSIONS = YES;
				CLANG_ANALYZER_NONNULL = YES;
				CLANG_ANALYZER_NUMBER_OBJECT_CONVERSION = YES_AGGRESSIVE;
				CLANG_CXX_LANGUAGE_STANDARD = "gnu++20";
				CLANG_ENABLE_MODULES = YES;
				CLANG_ENABLE_OBJC_ARC = YES;
				CLANG_ENABLE_OBJC_WEAK = YES;
				CLANG_WARN_BLOCK_CAPTURE_AUTORELEASING = YES;
				CLANG_WARN_BOOL_CONVERSION = YES;
				CLANG_WARN_COMMA = YES;
				CLANG_WARN_CONSTANT_CONVERSION = YES;
				CLANG_WARN_DEPRECATED_OBJC_IMPLEMENTATIONS = YES;
				CLANG_WARN_DIRECT_OBJC_ISA_USAGE = YES_ERROR;
				CLANG_WARN_DOCUMENTATION_COMMENTS = YES;
				CLANG_WARN_EMPTY_BODY = YES;
				CLANG_WARN_ENUM_CONVERSION = YES;
				CLANG_WARN_INFINITE_RECURSION = YES;
				CLANG_WARN_INT_CONVERSION = YES;
				CLANG_WARN_NON_LITERAL_NULL_CONVERSION = YES;
				CLANG_WARN_OBJC_IMPLICIT_RETAIN_SELF = YES;
				CLANG_WARN_OBJC_LITERAL_CONVERSION = YES;
				CLANG_WARN_OBJC_ROOT_CLASS = YES_ERROR;
				CLANG_WARN_QUOTED_INCLUDE_IN_FRAMEWORK_HEADER = YES;
				CLANG_WARN_RANGE_LOOP_ANALYSIS = YES;
				CLANG_WARN_STRICT_PROTOTYPES = YES;
				CLANG_WARN_SUSPICIOUS_MOVE = YES;
				CLANG_WARN_UNGUARDED_AVAILABILITY = YES_AGGRESSIVE;
				CLANG_WARN_UNREACHABLE_CODE = YES;
				CLANG_WARN__DUPLICATE_METHOD_MATCH = YES;
				COPY_PHASE_STRIP = NO;
				CURRENT_PROJECT_VERSION = 1;
				DEBUG_INFORMATION_FORMAT = dwarf;
				DEVELOPMENT_TEAM = K3Y9DZT4GK;
				ENABLE_STRICT_OBJC_MSGSEND = YES;
				ENABLE_TESTABILITY = YES;
				ENABLE_USER_SCRIPT_SANDBOXING = YES;
				GCC_C_LANGUAGE_STANDARD = gnu17;
				GCC_DYNAMIC_NO_PIC = NO;
				GCC_NO_COMMON_BLOCKS = YES;
				GCC_OPTIMIZATION_LEVEL = 0;
				GCC_PREPROCESSOR_DEFINITIONS = (
					"DEBUG=1",
					"$(inherited)",
				);
				GCC_WARN_64_TO_32_BIT_CONVERSION = YES;
				GCC_WARN_ABOUT_RETURN_TYPE = YES_ERROR;
				GCC_WARN_UNDECLARED_SELECTOR = YES;
				GCC_WARN_UNINITIALIZED_AUTOS = YES_AGGRESSIVE;
				GCC_WARN_UNUSED_FUNCTION = YES;
				GCC_WARN_UNUSED_VARIABLE = YES;
				LOCALIZATION_PREFERS_STRING_CATALOGS = YES;
				MTL_ENABLE_DEBUG_INFO = INCLUDE_SOURCE;
				MTL_FAST_MATH = YES;
				ONLY_ACTIVE_ARCH = YES;
				SWIFT_ACTIVE_COMPILATION_CONDITIONS = "DEBUG $(inherited)";
				SWIFT_OPTIMIZATION_LEVEL = "-Onone";
				VERSIONING_SYSTEM = "apple-generic";
				VERSION_INFO_PREFIX = "";
			};
			name = Debug;
		};
		B4F4ADAB2EB3F1C90038AF10 /* Release */ = {
			isa = XCBuildConfiguration;
			buildSettings = {
				ALWAYS_SEARCH_USER_PATHS = NO;
				ASSETCATALOG_COMPILER_GENERATE_SWIFT_ASSET_SYMBOL_EXTENSIONS = YES;
				CLANG_ANALYZER_NONNULL = YES;
				CLANG_ANALYZER_NUMBER_OBJECT_CONVERSION = YES_AGGRESSIVE;
				CLANG_CXX_LANGUAGE_STANDARD = "gnu++20";
				CLANG_ENABLE_MODULES = YES;
				CLANG_ENABLE_OBJC_ARC = YES;
				CLANG_ENABLE_OBJC_WEAK = YES;
				CLANG_WARN_BLOCK_CAPTURE_AUTORELEASING = YES;
				CLANG_WARN_BOOL_CONVERSION = YES;
				CLANG_WARN_COMMA = YES;
				CLANG_WARN_CONSTANT_CONVERSION = YES;
				CLANG_WARN_DEPRECATED_OBJC_IMPLEMENTATIONS = YES;
				CLANG_WARN_DIRECT_OBJC_ISA_USAGE = YES_ERROR;
				CLANG_WARN_DOCUMENTATION_COMMENTS = YES;
				CLANG_WARN_EMPTY_BODY = YES;
				CLANG_WARN_ENUM_CONVERSION = YES;
				CLANG_WARN_INFINITE_RECURSION = YES;
				CLANG_WARN_INT_CONVERSION = YES;
				CLANG_WARN_NON_LITERAL_NULL_CONVERSION = YES;
				CLANG_WARN_OBJC_IMPLICIT_RETAIN_SELF = YES;
				CLANG_WARN_OBJC_LITERAL_CONVERSION = YES;
				CLANG_WARN_OBJC_ROOT_CLASS = YES_ERROR;
				CLANG_WARN_QUOTED_INCLUDE_IN_FRAMEWORK_HEADER = YES;
				CLANG_WARN_RANGE_LOOP_ANALYSIS = YES;
				CLANG_WARN_STRICT_PROTOTYPES = YES;
				CLANG_WARN_SUSPICIOUS_MOVE = YES;
				CLANG_WARN_UNGUARDED_AVAILABILITY = YES_AGGRESSIVE;
				CLANG_WARN_UNREACHABLE_CODE = YES;
				CLANG_WARN__DUPLICATE_METHOD_MATCH = YES;
				COPY_PHASE_STRIP = NO;
				CURRENT_PROJECT_VERSION = 1;
				DEBUG_INFORMATION_FORMAT = "dwarf-with-dsym";
				DEVELOPMENT_TEAM = K3Y9DZT4GK;
				ENABLE_NS_ASSERTIONS = NO;
				ENABLE_STRICT_OBJC_MSGSEND = YES;
				ENABLE_USER_SCRIPT_SANDBOXING = YES;
				GCC_C_LANGUAGE_STANDARD = gnu17;
				GCC_NO_COMMON_BLOCKS = YES;
				GCC_WARN_64_TO_32_BIT_CONVERSION = YES;
				GCC_WARN_ABOUT_RETURN_TYPE = YES_ERROR;
				GCC_WARN_UNDECLARED_SELECTOR = YES;
				GCC_WARN_UNINITIALIZED_AUTOS = YES_AGGRESSIVE;
				GCC_WARN_UNUSED_FUNCTION = YES;
				GCC_WARN_UNUSED_VARIABLE = YES;
				LOCALIZATION_PREFERS_STRING_CATALOGS = YES;
				MTL_ENABLE_DEBUG_INFO = NO;
				MTL_FAST_MATH = YES;
				SWIFT_COMPILATION_MODE = wholemodule;
				VERSIONING_SYSTEM = "apple-generic";
				VERSION_INFO_PREFIX = "";
			};
			name = Release;
		};
		B4F4ADAD2EB3F1C90038AF10 /* Debug */ = {
			isa = XCBuildConfiguration;
			buildSettings = {
				ALLOW_TARGET_PLATFORM_SPECIALIZATION = YES;
				BUILD_LIBRARY_FOR_DISTRIBUTION = YES;
				CODE_SIGN_STYLE = Automatic;
				CURRENT_PROJECT_VERSION = 1;
				DEVELOPMENT_TEAM = K3Y9DZT4GK;
				DYLIB_COMPATIBILITY_VERSION = 1;
				DYLIB_CURRENT_VERSION = 1;
				DYLIB_INSTALL_NAME_BASE = "@rpath";
				ENABLE_MODULE_VERIFIER = YES;
				GENERATE_INFOPLIST_FILE = YES;
				INFOPLIST_KEY_NSHumanReadableCopyright = "";
				INSTALL_PATH = "$(LOCAL_LIBRARY_DIR)/Frameworks";
				IPHONEOS_DEPLOYMENT_TARGET = 26.0;
				LD_RUNPATH_SEARCH_PATHS = (
					"@executable_path/Frameworks",
					"@loader_path/Frameworks",
				);
				"LD_RUNPATH_SEARCH_PATHS[sdk=macosx*]" = (
					"@executable_path/../Frameworks",
					"@loader_path/Frameworks",
				);
				MACOSX_DEPLOYMENT_TARGET = 15.6;
				MARKETING_VERSION = 1.0;
				MODULE_VERIFIER_SUPPORTED_LANGUAGES = "objective-c objective-c++";
				MODULE_VERIFIER_SUPPORTED_LANGUAGE_STANDARDS = "gnu17 gnu++20";
				PRODUCT_BUNDLE_IDENTIFIER = asaf.moav.com.ImageDownloaderFramework;
				PRODUCT_NAME = "$(TARGET_NAME:c99extidentifier)";
				SDKROOT = auto;
				SKIP_INSTALL = YES;
				STRING_CATALOG_GENERATE_SYMBOLS = YES;
				SUPPORTED_PLATFORMS = "iphoneos iphonesimulator";
				SUPPORTS_MACCATALYST = NO;
				SWIFT_APPROACHABLE_CONCURRENCY = YES;
				SWIFT_EMIT_LOC_STRINGS = YES;
				SWIFT_INSTALL_MODULE = YES;
				SWIFT_INSTALL_OBJC_HEADER = NO;
				SWIFT_UPCOMING_FEATURE_MEMBER_IMPORT_VISIBILITY = YES;
				SWIFT_VERSION = 5.0;
				TARGETED_DEVICE_FAMILY = "1,2";
				XROS_DEPLOYMENT_TARGET = 26.0;
			};
			name = Debug;
		};
		B4F4ADAE2EB3F1C90038AF10 /* Release */ = {
			isa = XCBuildConfiguration;
			buildSettings = {
				ALLOW_TARGET_PLATFORM_SPECIALIZATION = YES;
				BUILD_LIBRARY_FOR_DISTRIBUTION = YES;
				CODE_SIGN_STYLE = Automatic;
				CURRENT_PROJECT_VERSION = 1;
				DEVELOPMENT_TEAM = K3Y9DZT4GK;
				DYLIB_COMPATIBILITY_VERSION = 1;
				DYLIB_CURRENT_VERSION = 1;
				DYLIB_INSTALL_NAME_BASE = "@rpath";
				ENABLE_MODULE_VERIFIER = YES;
				GENERATE_INFOPLIST_FILE = YES;
				INFOPLIST_KEY_NSHumanReadableCopyright = "";
				INSTALL_PATH = "$(LOCAL_LIBRARY_DIR)/Frameworks";
				IPHONEOS_DEPLOYMENT_TARGET = 26.0;
				LD_RUNPATH_SEARCH_PATHS = (
					"@executable_path/Frameworks",
					"@loader_path/Frameworks",
				);
				"LD_RUNPATH_SEARCH_PATHS[sdk=macosx*]" = (
					"@executable_path/../Frameworks",
					"@loader_path/Frameworks",
				);
				MACOSX_DEPLOYMENT_TARGET = 15.6;
				MARKETING_VERSION = 1.0;
				MODULE_VERIFIER_SUPPORTED_LANGUAGES = "objective-c objective-c++";
				MODULE_VERIFIER_SUPPORTED_LANGUAGE_STANDARDS = "gnu17 gnu++20";
				PRODUCT_BUNDLE_IDENTIFIER = asaf.moav.com.ImageDownloaderFramework;
				PRODUCT_NAME = "$(TARGET_NAME:c99extidentifier)";
				SDKROOT = auto;
				SKIP_INSTALL = YES;
				STRING_CATALOG_GENERATE_SYMBOLS = YES;
				SUPPORTED_PLATFORMS = "iphoneos iphonesimulator";
				SUPPORTS_MACCATALYST = NO;
				SWIFT_APPROACHABLE_CONCURRENCY = YES;
				SWIFT_EMIT_LOC_STRINGS = YES;
				SWIFT_INSTALL_MODULE = YES;
				SWIFT_INSTALL_OBJC_HEADER = NO;
				SWIFT_UPCOMING_FEATURE_MEMBER_IMPORT_VISIBILITY = YES;
				SWIFT_VERSION = 5.0;
				TARGETED_DEVICE_FAMILY = "1,2";
				XROS_DEPLOYMENT_TARGET = 26.0;
			};
			name = Release;
		};
		B4F4ADB02EB3F1C90038AF10 /* Debug */ = {
			isa = XCBuildConfiguration;
			buildSettings = {
				ALLOW_TARGET_PLATFORM_SPECIALIZATION = YES;
				CODE_SIGN_STYLE = Automatic;
				CURRENT_PROJECT_VERSION = 1;
				DEVELOPMENT_TEAM = K3Y9DZT4GK;
				GENERATE_INFOPLIST_FILE = YES;
				IPHONEOS_DEPLOYMENT_TARGET = 26.0;
				MACOSX_DEPLOYMENT_TARGET = 15.6;
				MARKETING_VERSION = 1.0;
				PRODUCT_BUNDLE_IDENTIFIER = asaf.moav.com.ImageDownloaderFrameworkTests;
				PRODUCT_NAME = "$(TARGET_NAME)";
				SDKROOT = auto;
				STRING_CATALOG_GENERATE_SYMBOLS = NO;
				SUPPORTED_PLATFORMS = "iphoneos iphonesimulator";
				SUPPORTS_MACCATALYST = NO;
				SWIFT_APPROACHABLE_CONCURRENCY = YES;
				SWIFT_EMIT_LOC_STRINGS = NO;
				SWIFT_UPCOMING_FEATURE_MEMBER_IMPORT_VISIBILITY = YES;
				SWIFT_VERSION = 5.0;
				TARGETED_DEVICE_FAMILY = "1,2";
				XROS_DEPLOYMENT_TARGET = 26.0;
			};
			name = Debug;
		};
		B4F4ADB12EB3F1C90038AF10 /* Release */ = {
			isa = XCBuildConfiguration;
			buildSettings = {
				ALLOW_TARGET_PLATFORM_SPECIALIZATION = YES;
				CODE_SIGN_STYLE = Automatic;
				CURRENT_PROJECT_VERSION = 1;
				DEVELOPMENT_TEAM = K3Y9DZT4GK;
				GENERATE_INFOPLIST_FILE = YES;
				IPHONEOS_DEPLOYMENT_TARGET = 26.0;
				MACOSX_DEPLOYMENT_TARGET = 15.6;
				MARKETING_VERSION = 1.0;
				PRODUCT_BUNDLE_IDENTIFIER = asaf.moav.com.ImageDownloaderFrameworkTests;
				PRODUCT_NAME = "$(TARGET_NAME)";
				SDKROOT = auto;
				STRING_CATALOG_GENERATE_SYMBOLS = NO;
				SUPPORTED_PLATFORMS = "iphoneos iphonesimulator";
				SUPPORTS_MACCATALYST = NO;
				SWIFT_APPROACHABLE_CONCURRENCY = YES;
				SWIFT_EMIT_LOC_STRINGS = NO;
				SWIFT_UPCOMING_FEATURE_MEMBER_IMPORT_VISIBILITY = YES;
				SWIFT_VERSION = 5.0;
				TARGETED_DEVICE_FAMILY = "1,2";
				XROS_DEPLOYMENT_TARGET = 26.0;
			};
			name = Release;
		};
/* End XCBuildConfiguration section */

/* Begin XCConfigurationList section */
		B4F4AD942EB3F1C90038AF10 /* Build configuration list for PBXProject "ImageDownloaderFramework" */ = {
			isa = XCConfigurationList;
			buildConfigurations = (
				B4F4ADAA2EB3F1C90038AF10 /* Debug */,
				B4F4ADAB2EB3F1C90038AF10 /* Release */,
			);
			defaultConfigurationIsVisible = 0;
			defaultConfigurationName = Release;
		};
		B4F4ADAC2EB3F1C90038AF10 /* Build configuration list for PBXNativeTarget "ImageDownloaderFramework" */ = {
			isa = XCConfigurationList;
			buildConfigurations = (
				B4F4ADAD2EB3F1C90038AF10 /* Debug */,
				B4F4ADAE2EB3F1C90038AF10 /* Release */,
			);
			defaultConfigurationIsVisible = 0;
			defaultConfigurationName = Release;
		};
		B4F4ADAF2EB3F1C90038AF10 /* Build configuration list for PBXNativeTarget "ImageDownloaderFrameworkTests" */ = {
			isa = XCConfigurationList;
			buildConfigurations = (
				B4F4ADB02EB3F1C90038AF10 /* Debug */,
				B4F4ADB12EB3F1C90038AF10 /* Release */,
			);
			defaultConfigurationIsVisible = 0;
			defaultConfigurationName = Release;
		};
/* End XCConfigurationList section */
	};
	rootObject = B4F4AD912EB3F1C90038AF10 /* Project object */;
}
